
Microsoft Visual Studio Solution File, Format Version 12.00
# Visual Studio Version 16
VisualStudioVersion = 16.0.31005.135
MinimumVisualStudioVersion = 10.0.40219.1
Project("{888888A0-9F3D-457C-B088-3A5042F75D52}") = "MatPlotScript", "MatPlotScript\MatPlotScript.pyproj", "{AB2AC729-D34D-4511-B0E7-DB39AF2B7AF1}"
EndProject
Global
	GlobalSection(SolutionConfigurationPlatforms) = preSolution
		Debug|Any CPU = Debug|Any CPU
		Release|Any CPU = Release|Any CPU
	EndGlobalSection
	GlobalSection(ProjectConfigurationPlatforms) = postSolution
		{AB2AC729-D34D-4511-B0E7-DB39AF2B7AF1}.Debug|Any CPU.ActiveCfg = Debug|Any CPU
		{AB2AC729-D34D-4511-B0E7-DB39AF2B7AF1}.Release|Any CPU.ActiveCfg = Release|Any CPU
	EndGlobalSection
	GlobalSection(SolutionProperties) = preSolution
		HideSolutionNode = FALSE
	EndGlobalSection
	GlobalSection(ExtensibilityGlobals) = postSolution
		SolutionGuid = {08D4FADD-0E4B-4787-884C-2B6157029A69}
	EndGlobalSection
EndGlobal
